
Microsoft Visual Studio Solution File, Format Version 12.00
# Visual Studio 15
VisualStudioVersion = 15.0.28307.852
MinimumVisualStudioVersion = 10.0.40219.1
Project("{FAE04EC0-301F-11D3-BF4B-00C04F79EFBC}") = "Lab14(DelegateArray)", "Lab14(DelegateArray)\Lab14(DelegateArray).csproj", "{C4DF77F4-1013-4D55-AC10-BCD0B2AB77E1}"
EndProject
Global
	GlobalSection(SolutionConfigurationPlatforms) = preSolution
		Debug|Any CPU = Debug|Any CPU
		Release|Any CPU = Release|Any CPU
	EndGlobalSection
	GlobalSection(ProjectConfigurationPlatforms) = postSolution
		{C4DF77F4-1013-4D55-AC10-BCD0B2AB77E1}.Debug|Any CPU.ActiveCfg = Debug|Any CPU
		{C4DF77F4-1013-4D55-AC10-BCD0B2AB77E1}.Debug|Any CPU.Build.0 = Debug|Any CPU
		{C4DF77F4-1013-4D55-AC10-BCD0B2AB77E1}.Release|Any CPU.ActiveCfg = Release|Any CPU
		{C4DF77F4-1013-4D55-AC10-BCD0B2AB77E1}.Release|Any CPU.Build.0 = Release|Any CPU
	EndGlobalSection
	GlobalSection(SolutionProperties) = preSolution
		HideSolutionNode = FALSE
	EndGlobalSection
	GlobalSection(ExtensibilityGlobals) = postSolution
		SolutionGuid = {7546E2B6-7396-486B-BD11-71A184F78840}
	EndGlobalSection
EndGlobal
